
Microsoft Visual Studio Solution File, Format Version 12.00
# Visual Studio Version 17
VisualStudioVersion = 17.14.36429.23 d17.14
MinimumVisualStudioVersion = 10.0.40219.1
Project("{FAE04EC0-301F-11D3-BF4B-00C04F79EFBC}") = "Muestra de la api", "Muestra de la api\Muestra de la api.csproj", "{89453508-77B7-4CC4-B397-FC1A14C44A70}"
EndProject
Global
	GlobalSection(SolutionConfigurationPlatforms) = preSolution
		Debug|Any CPU = Debug|Any CPU
		Release|Any CPU = Release|Any CPU
	EndGlobalSection
	GlobalSection(ProjectConfigurationPlatforms) = postSolution
		{89453508-77B7-4CC4-B397-FC1A14C44A70}.Debug|Any CPU.ActiveCfg = Debug|Any CPU
		{89453508-77B7-4CC4-B397-FC1A14C44A70}.Debug|Any CPU.Build.0 = Debug|Any CPU
		{89453508-77B7-4CC4-B397-FC1A14C44A70}.Release|Any CPU.ActiveCfg = Release|Any CPU
		{89453508-77B7-4CC4-B397-FC1A14C44A70}.Release|Any CPU.Build.0 = Release|Any CPU
	EndGlobalSection
	GlobalSection(SolutionProperties) = preSolution
		HideSolutionNode = FALSE
	EndGlobalSection
	GlobalSection(ExtensibilityGlobals) = postSolution
		SolutionGuid = {7EDC08A3-99CD-4C3B-8125-F974135DDC28}
	EndGlobalSection
EndGlobal
